// !$*UTF8*$!
{
	archiveVersion = 1;
	classes = {
	};
	objectVersion = 50;
	objects = {

/* Begin PBXBuildFile section */
		570B443F260B8AB100929887 /* ActivityView.swift in Sources */ = {isa = PBXBuildFile; fileRef = 570B443E260B8AB100929887 /* ActivityView.swift */; };
		57CA823E261895FD00B65AFE /* DetailsView.swift in Sources */ = {isa = PBXBuildFile; fileRef = 57CA823D261895FD00B65AFE /* DetailsView.swift */; };
		57CA82462618A53900B65AFE /* CalendarView.swift in Sources */ = {isa = PBXBuildFile; fileRef = 57CA82452618A53900B65AFE /* CalendarView.swift */; };
		57E957472613774C009CF81D /* SwiftUIView.swift in Sources */ = {isa = PBXBuildFile; fileRef = 57E957462613774C009CF81D /* SwiftUIView.swift */; };
		821B95CF2600F7EA0084F792 /* BigEventApp.swift in Sources */ = {isa = PBXBuildFile; fileRef = 821B95CE2600F7EA0084F792 /* BigEventApp.swift */; };
		821B95D12600F7EA0084F792 /* ContentView.swift in Sources */ = {isa = PBXBuildFile; fileRef = 821B95D02600F7EA0084F792 /* ContentView.swift */; };
		821B95D32600F7EB0084F792 /* Assets.xcassets in Resources */ = {isa = PBXBuildFile; fileRef = 821B95D22600F7EB0084F792 /* Assets.xcassets */; };
		821B95D62600F7EB0084F792 /* Preview Assets.xcassets in Resources */ = {isa = PBXBuildFile; fileRef = 821B95D52600F7EB0084F792 /* Preview Assets.xcassets */; };
		821B95E12600F7EB0084F792 /* BigEventTests.swift in Sources */ = {isa = PBXBuildFile; fileRef = 821B95E02600F7EB0084F792 /* BigEventTests.swift */; };
		821B95EC2600F7EC0084F792 /* BigEventUITests.swift in Sources */ = {isa = PBXBuildFile; fileRef = 821B95EB2600F7EC0084F792 /* BigEventUITests.swift */; };
		829CED96260B7C7500064B97 /* Models.swift in Sources */ = {isa = PBXBuildFile; fileRef = 829CED95260B7C7500064B97 /* Models.swift */; };
		82AB6FC32618BF6B00A89051 /* Data.swift in Sources */ = {isa = PBXBuildFile; fileRef = 82AB6FC22618BF6B00A89051 /* Data.swift */; };
		E5120DB52614A587005A9DE4 /* PersonView.swift in Sources */ = {isa = PBXBuildFile; fileRef = E5120DB42614A587005A9DE4 /* PersonView.swift */; };
/* End PBXBuildFile section */

/* Begin PBXContainerItemProxy section */
		821B95DD2600F7EB0084F792 /* PBXContainerItemProxy */ = {
			isa = PBXContainerItemProxy;
			containerPortal = 821B95C32600F7EA0084F792 /* Project object */;
			proxyType = 1;
			remoteGlobalIDString = 821B95CA2600F7EA0084F792;
			remoteInfo = BigEvent;
		};
		821B95E82600F7EC0084F792 /* PBXContainerItemProxy */ = {
			isa = PBXContainerItemProxy;
			containerPortal = 821B95C32600F7EA0084F792 /* Project object */;
			proxyType = 1;
			remoteGlobalIDString = 821B95CA2600F7EA0084F792;
			remoteInfo = BigEvent;
		};
/* End PBXContainerItemProxy section */

/* Begin PBXFileReference section */
		570B443E260B8AB100929887 /* ActivityView.swift */ = {isa = PBXFileReference; lastKnownFileType = sourcecode.swift; path = ActivityView.swift; sourceTree = "<group>"; };
		57CA823D261895FD00B65AFE /* DetailsView.swift */ = {isa = PBXFileReference; lastKnownFileType = sourcecode.swift; path = DetailsView.swift; sourceTree = "<group>"; };
		57CA82452618A53900B65AFE /* CalendarView.swift */ = {isa = PBXFileReference; lastKnownFileType = sourcecode.swift; path = CalendarView.swift; sourceTree = "<group>"; };
		57E957462613774C009CF81D /* SwiftUIView.swift */ = {isa = PBXFileReference; lastKnownFileType = sourcecode.swift; path = SwiftUIView.swift; sourceTree = "<group>"; };
		821B95CB2600F7EA0084F792 /* BigEvent.app */ = {isa = PBXFileReference; explicitFileType = wrapper.application; includeInIndex = 0; path = BigEvent.app; sourceTree = BUILT_PRODUCTS_DIR; };
		821B95CE2600F7EA0084F792 /* BigEventApp.swift */ = {isa = PBXFileReference; lastKnownFileType = sourcecode.swift; path = BigEventApp.swift; sourceTree = "<group>"; };
		821B95D02600F7EA0084F792 /* ContentView.swift */ = {isa = PBXFileReference; lastKnownFileType = sourcecode.swift; path = ContentView.swift; sourceTree = "<group>"; };
		821B95D22600F7EB0084F792 /* Assets.xcassets */ = {isa = PBXFileReference; lastKnownFileType = folder.assetcatalog; path = Assets.xcassets; sourceTree = "<group>"; };
		821B95D52600F7EB0084F792 /* Preview Assets.xcassets */ = {isa = PBXFileReference; lastKnownFileType = folder.assetcatalog; path = "Preview Assets.xcassets"; sourceTree = "<group>"; };
		821B95D72600F7EB0084F792 /* Info.plist */ = {isa = PBXFileReference; lastKnownFileType = text.plist.xml; path = Info.plist; sourceTree = "<group>"; };
		821B95DC2600F7EB0084F792 /* BigEventTests.xctest */ = {isa = PBXFileReference; explicitFileType = wrapper.cfbundle; includeInIndex = 0; path = BigEventTests.xctest; sourceTree = BUILT_PRODUCTS_DIR; };
		821B95E02600F7EB0084F792 /* BigEventTests.swift */ = {isa = PBXFileReference; lastKnownFileType = sourcecode.swift; path = BigEventTests.swift; sourceTree = "<group>"; };
		821B95E22600F7EB0084F792 /* Info.plist */ = {isa = PBXFileReference; lastKnownFileType = text.plist.xml; path = Info.plist; sourceTree = "<group>"; };
		821B95E72600F7EC0084F792 /* BigEventUITests.xctest */ = {isa = PBXFileReference; explicitFileType = wrapper.cfbundle; includeInIndex = 0; path = BigEventUITests.xctest; sourceTree = BUILT_PRODUCTS_DIR; };
		821B95EB2600F7EC0084F792 /* BigEventUITests.swift */ = {isa = PBXFileReference; lastKnownFileType = sourcecode.swift; path = BigEventUITests.swift; sourceTree = "<group>"; };
		821B95ED2600F7EC0084F792 /* Info.plist */ = {isa = PBXFileReference; lastKnownFileType = text.plist.xml; path = Info.plist; sourceTree = "<group>"; };
		829CED8D260B7BD200064B97 /* MyPlayground.playground */ = {isa = PBXFileReference; lastKnownFileType = file.playground; path = MyPlayground.playground; sourceTree = "<group>"; xcLanguageSpecificationIdentifier = xcode.lang.swift; };
		829CED95260B7C7500064B97 /* Models.swift */ = {isa = PBXFileReference; lastKnownFileType = sourcecode.swift; path = Models.swift; sourceTree = "<group>"; };
		82AB6FC22618BF6B00A89051 /* Data.swift */ = {isa = PBXFileReference; lastKnownFileType = sourcecode.swift; path = Data.swift; sourceTree = "<group>"; };
		E5120DB42614A587005A9DE4 /* PersonView.swift */ = {isa = PBXFileReference; lastKnownFileType = sourcecode.swift; path = PersonView.swift; sourceTree = "<group>"; };
/* End PBXFileReference section */

/* Begin PBXFrameworksBuildPhase section */
		821B95C82600F7EA0084F792 /* Frameworks */ = {
			isa = PBXFrameworksBuildPhase;
			buildActionMask = 2147483647;
			files = (
			);
			runOnlyForDeploymentPostprocessing = 0;
		};
		821B95D92600F7EB0084F792 /* Frameworks */ = {
			isa = PBXFrameworksBuildPhase;
			buildActionMask = 2147483647;
			files = (
			);
			runOnlyForDeploymentPostprocessing = 0;
		};
		821B95E42600F7EC0084F792 /* Frameworks */ = {
			isa = PBXFrameworksBuildPhase;
			buildActionMask = 2147483647;
			files = (
			);
			runOnlyForDeploymentPostprocessing = 0;
		};
/* End PBXFrameworksBuildPhase section */

/* Begin PBXGroup section */
		821B95C22600F7EA0084F792 = {
			isa = PBXGroup;
			children = (
				821B95CD2600F7EA0084F792 /* BigEvent */,
				821B95DF2600F7EB0084F792 /* BigEventTests */,
				821B95EA2600F7EC0084F792 /* BigEventUITests */,
				821B95CC2600F7EA0084F792 /* Products */,
			);
			sourceTree = "<group>";
		};
		821B95CC2600F7EA0084F792 /* Products */ = {
			isa = PBXGroup;
			children = (
				821B95CB2600F7EA0084F792 /* BigEvent.app */,
				821B95DC2600F7EB0084F792 /* BigEventTests.xctest */,
				821B95E72600F7EC0084F792 /* BigEventUITests.xctest */,
			);
			name = Products;
			sourceTree = "<group>";
		};
		821B95CD2600F7EA0084F792 /* BigEvent */ = {
			isa = PBXGroup;
			children = (
				829CED95260B7C7500064B97 /* Models.swift */,
				829CED8D260B7BD200064B97 /* MyPlayground.playground */,
				57CA82452618A53900B65AFE /* CalendarView.swift */,
				821B95CE2600F7EA0084F792 /* BigEventApp.swift */,
				821B95D02600F7EA0084F792 /* ContentView.swift */,
				570B443E260B8AB100929887 /* ActivityView.swift */,
				821B95D22600F7EB0084F792 /* Assets.xcassets */,
				821B95D72600F7EB0084F792 /* Info.plist */,
				821B95D42600F7EB0084F792 /* Preview Content */,
				57E957462613774C009CF81D /* SwiftUIView.swift */,
				82AB6FC22618BF6B00A89051 /* Data.swift */,
				E5120DB42614A587005A9DE4 /* PersonView.swift */,
				57CA823D261895FD00B65AFE /* DetailsView.swift */,
			);
			path = BigEvent;
			sourceTree = "<group>";
		};
		821B95D42600F7EB0084F792 /* Preview Content */ = {
			isa = PBXGroup;
			children = (
				821B95D52600F7EB0084F792 /* Preview Assets.xcassets */,
			);
			path = "Preview Content";
			sourceTree = "<group>";
		};
		821B95DF2600F7EB0084F792 /* BigEventTests */ = {
			isa = PBXGroup;
			children = (
				821B95E02600F7EB0084F792 /* BigEventTests.swift */,
				821B95E22600F7EB0084F792 /* Info.plist */,
			);
			path = BigEventTests;
			sourceTree = "<group>";
		};
		821B95EA2600F7EC0084F792 /* BigEventUITests */ = {
			isa = PBXGroup;
			children = (
				821B95EB2600F7EC0084F792 /* BigEventUITests.swift */,
				821B95ED2600F7EC0084F792 /* Info.plist */,
			);
			path = BigEventUITests;
			sourceTree = "<group>";
		};
/* End PBXGroup section */

/* Begin PBXNativeTarget section */
		821B95CA2600F7EA0084F792 /* BigEvent */ = {
			isa = PBXNativeTarget;
			buildConfigurationList = 821B95F02600F7EC0084F792 /* Build configuration list for PBXNativeTarget "BigEvent" */;
			buildPhases = (
				821B95C72600F7EA0084F792 /* Sources */,
				821B95C82600F7EA0084F792 /* Frameworks */,
				821B95C92600F7EA0084F792 /* Resources */,
			);
			buildRules = (
			);
			dependencies = (
			);
			name = BigEvent;
			productName = BigEvent;
			productReference = 821B95CB2600F7EA0084F792 /* BigEvent.app */;
			productType = "com.apple.product-type.application";
		};
		821B95DB2600F7EB0084F792 /* BigEventTests */ = {
			isa = PBXNativeTarget;
			buildConfigurationList = 821B95F32600F7EC0084F792 /* Build configuration list for PBXNativeTarget "BigEventTests" */;
			buildPhases = (
				821B95D82600F7EB0084F792 /* Sources */,
				821B95D92600F7EB0084F792 /* Frameworks */,
				821B95DA2600F7EB0084F792 /* Resources */,
			);
			buildRules = (
			);
			dependencies = (
				821B95DE2600F7EB0084F792 /* PBXTargetDependency */,
			);
			name = BigEventTests;
			productName = BigEventTests;
			productReference = 821B95DC2600F7EB0084F792 /* BigEventTests.xctest */;
			productType = "com.apple.product-type.bundle.unit-test";
		};
		821B95E62600F7EC0084F792 /* BigEventUITests */ = {
			isa = PBXNativeTarget;
			buildConfigurationList = 821B95F62600F7EC0084F792 /* Build configuration list for PBXNativeTarget "BigEventUITests" */;
			buildPhases = (
				821B95E32600F7EC0084F792 /* Sources */,
				821B95E42600F7EC0084F792 /* Frameworks */,
				821B95E52600F7EC0084F792 /* Resources */,
			);
			buildRules = (
			);
			dependencies = (
				821B95E92600F7EC0084F792 /* PBXTargetDependency */,
			);
			name = BigEventUITests;
			productName = BigEventUITests;
			productReference = 821B95E72600F7EC0084F792 /* BigEventUITests.xctest */;
			productType = "com.apple.product-type.bundle.ui-testing";
		};
/* End PBXNativeTarget section */

/* Begin PBXProject section */
		821B95C32600F7EA0084F792 /* Project object */ = {
			isa = PBXProject;
			attributes = {
				LastSwiftUpdateCheck = 1240;
				LastUpgradeCheck = 1240;
				TargetAttributes = {
					821B95CA2600F7EA0084F792 = {
						CreatedOnToolsVersion = 12.4;
					};
					821B95DB2600F7EB0084F792 = {
						CreatedOnToolsVersion = 12.4;
						TestTargetID = 821B95CA2600F7EA0084F792;
					};
					821B95E62600F7EC0084F792 = {
						CreatedOnToolsVersion = 12.4;
						TestTargetID = 821B95CA2600F7EA0084F792;
					};
				};
			};
			buildConfigurationList = 821B95C62600F7EA0084F792 /* Build configuration list for PBXProject "BigEvent" */;
			compatibilityVersion = "Xcode 9.3";
			developmentRegion = en;
			hasScannedForEncodings = 0;
			knownRegions = (
				en,
				Base,
			);
			mainGroup = 821B95C22600F7EA0084F792;
			productRefGroup = 821B95CC2600F7EA0084F792 /* Products */;
			projectDirPath = "";
			projectRoot = "";
			targets = (
				821B95CA2600F7EA0084F792 /* BigEvent */,
				821B95DB2600F7EB0084F792 /* BigEventTests */,
				821B95E62600F7EC0084F792 /* BigEventUITests */,
			);
		};
/* End PBXProject section */

/* Begin PBXResourcesBuildPhase section */
		821B95C92600F7EA0084F792 /* Resources */ = {
			isa = PBXResourcesBuildPhase;
			buildActionMask = 2147483647;
			files = (
				821B95D62600F7EB0084F792 /* Preview Assets.xcassets in Resources */,
				821B95D32600F7EB0084F792 /* Assets.xcassets in Resources */,
			);
			runOnlyForDeploymentPostprocessing = 0;
		};
		821B95DA2600F7EB0084F792 /* Resources */ = {
			isa = PBXResourcesBuildPhase;
			buildActionMask = 2147483647;
			files = (
			);
			runOnlyForDeploymentPostprocessing = 0;
		};
		821B95E52600F7EC0084F792 /* Resources */ = {
			isa = PBXResourcesBuildPhase;
			buildActionMask = 2147483647;
			files = (
			);
			runOnlyForDeploymentPostprocessing = 0;
		};
/* End PBXResourcesBuildPhase section */

/* Begin PBXSourcesBuildPhase section */
		821B95C72600F7EA0084F792 /* Sources */ = {
			isa = PBXSourcesBuildPhase;
			buildActionMask = 2147483647;
			files = (
				82AB6FC32618BF6B00A89051 /* Data.swift in Sources */,
				829CED96260B7C7500064B97 /* Models.swift in Sources */,
				E5120DB52614A587005A9DE4 /* PersonView.swift in Sources */,
				57CA82462618A53900B65AFE /* CalendarView.swift in Sources */,
				821B95D12600F7EA0084F792 /* ContentView.swift in Sources */,
				821B95CF2600F7EA0084F792 /* BigEventApp.swift in Sources */,
				570B443F260B8AB100929887 /* ActivityView.swift in Sources */,
				57E957472613774C009CF81D /* SwiftUIView.swift in Sources */,
				57CA823E261895FD00B65AFE /* DetailsView.swift in Sources */,
			);
			runOnlyForDeploymentPostprocessing = 0;
		};
		821B95D82600F7EB0084F792 /* Sources */ = {
			isa = PBXSourcesBuildPhase;
			buildActionMask = 2147483647;
			files = (
				821B95E12600F7EB0084F792 /* BigEventTests.swift in Sources */,
			);
			runOnlyForDeploymentPostprocessing = 0;
		};
		821B95E32600F7EC0084F792 /* Sources */ = {
			isa = PBXSourcesBuildPhase;
			buildActionMask = 2147483647;
			files = (
				821B95EC2600F7EC0084F792 /* BigEventUITests.swift in Sources */,
			);
			runOnlyForDeploymentPostprocessing = 0;
		};
/* End PBXSourcesBuildPhase section */

/* Begin PBXTargetDependency section */
		821B95DE2600F7EB0084F792 /* PBXTargetDependency */ = {
			isa = PBXTargetDependency;
			target = 821B95CA2600F7EA0084F792 /* BigEvent */;
			targetProxy = 821B95DD2600F7EB0084F792 /* PBXContainerItemProxy */;
		};
		821B95E92600F7EC0084F792 /* PBXTargetDependency */ = {
			isa = PBXTargetDependency;
			target = 821B95CA2600F7EA0084F792 /* BigEvent */;
			targetProxy = 821B95E82600F7EC0084F792 /* PBXContainerItemProxy */;
		};
/* End PBXTargetDependency section */

/* Begin XCBuildConfiguration section */
		821B95EE2600F7EC0084F792 /* Debug */ = {
			isa = XCBuildConfiguration;
			buildSettings = {
				ALWAYS_SEARCH_USER_PATHS = NO;
				CLANG_ANALYZER_NONNULL = YES;
				CLANG_ANALYZER_NUMBER_OBJECT_CONVERSION = YES_AGGRESSIVE;
				CLANG_CXX_LANGUAGE_STANDARD = "gnu++14";
				CLANG_CXX_LIBRARY = "libc++";
				CLANG_ENABLE_MODULES = YES;
				CLANG_ENABLE_OBJC_ARC = YES;
				CLANG_ENABLE_OBJC_WEAK = YES;
				CLANG_WARN_BLOCK_CAPTURE_AUTORELEASING = YES;
				CLANG_WARN_BOOL_CONVERSION = YES;
				CLANG_WARN_COMMA = YES;
				CLANG_WARN_CONSTANT_CONVERSION = YES;
				CLANG_WARN_DEPRECATED_OBJC_IMPLEMENTATIONS = YES;
				CLANG_WARN_DIRECT_OBJC_ISA_USAGE = YES_ERROR;
				CLANG_WARN_DOCUMENTATION_COMMENTS = YES;
				CLANG_WARN_EMPTY_BODY = YES;
				CLANG_WARN_ENUM_CONVERSION = YES;
				CLANG_WARN_INFINITE_RECURSION = YES;
				CLANG_WARN_INT_CONVERSION = YES;
				CLANG_WARN_NON_LITERAL_NULL_CONVERSION = YES;
				CLANG_WARN_OBJC_IMPLICIT_RETAIN_SELF = YES;
				CLANG_WARN_OBJC_LITERAL_CONVERSION = YES;
				CLANG_WARN_OBJC_ROOT_CLASS = YES_ERROR;
				CLANG_WARN_QUOTED_INCLUDE_IN_FRAMEWORK_HEADER = YES;
				CLANG_WARN_RANGE_LOOP_ANALYSIS = YES;
				CLANG_WARN_STRICT_PROTOTYPES = YES;
				CLANG_WARN_SUSPICIOUS_MOVE = YES;
				CLANG_WARN_UNGUARDED_AVAILABILITY = YES_AGGRESSIVE;
				CLANG_WARN_UNREACHABLE_CODE = YES;
				CLANG_WARN__DUPLICATE_METHOD_MATCH = YES;
				COPY_PHASE_STRIP = NO;
				DEBUG_INFORMATION_FORMAT = dwarf;
				ENABLE_STRICT_OBJC_MSGSEND = YES;
				ENABLE_TESTABILITY = YES;
				GCC_C_LANGUAGE_STANDARD = gnu11;
				GCC_DYNAMIC_NO_PIC = NO;
				GCC_NO_COMMON_BLOCKS = YES;
				GCC_OPTIMIZATION_LEVEL = 0;
				GCC_PREPROCESSOR_DEFINITIONS = (
					"DEBUG=1",
					"$(inherited)",
				);
				GCC_WARN_64_TO_32_BIT_CONVERSION = YES;
				GCC_WARN_ABOUT_RETURN_TYPE = YES_ERROR;
				GCC_WARN_UNDECLARED_SELECTOR = YES;
				GCC_WARN_UNINITIALIZED_AUTOS = YES_AGGRESSIVE;
				GCC_WARN_UNUSED_FUNCTION = YES;
				GCC_WARN_UNUSED_VARIABLE = YES;
				IPHONEOS_DEPLOYMENT_TARGET = 14.4;
				MTL_ENABLE_DEBUG_INFO = INCLUDE_SOURCE;
				MTL_FAST_MATH = YES;
				ONLY_ACTIVE_ARCH = YES;
				SDKROOT = iphoneos;
				SWIFT_ACTIVE_COMPILATION_CONDITIONS = DEBUG;
				SWIFT_OPTIMIZATION_LEVEL = "-Onone";
			};
			name = Debug;
		};
		821B95EF2600F7EC0084F792 /* Release */ = {
			isa = XCBuildConfiguration;
			buildSettings = {
				ALWAYS_SEARCH_USER_PATHS = NO;
				CLANG_ANALYZER_NONNULL = YES;
				CLANG_ANALYZER_NUMBER_OBJECT_CONVERSION = YES_AGGRESSIVE;
				CLANG_CXX_LANGUAGE_STANDARD = "gnu++14";
				CLANG_CXX_LIBRARY = "libc++";
				CLANG_ENABLE_MODULES = YES;
				CLANG_ENABLE_OBJC_ARC = YES;
				CLANG_ENABLE_OBJC_WEAK = YES;
				CLANG_WARN_BLOCK_CAPTURE_AUTORELEASING = YES;
				CLANG_WARN_BOOL_CONVERSION = YES;
				CLANG_WARN_COMMA = YES;
				CLANG_WARN_CONSTANT_CONVERSION = YES;
				CLANG_WARN_DEPRECATED_OBJC_IMPLEMENTATIONS = YES;
				CLANG_WARN_DIRECT_OBJC_ISA_USAGE = YES_ERROR;
				CLANG_WARN_DOCUMENTATION_COMMENTS = YES;
				CLANG_WARN_EMPTY_BODY = YES;
				CLANG_WARN_ENUM_CONVERSION = YES;
				CLANG_WARN_INFINITE_RECURSION = YES;
				CLANG_WARN_INT_CONVERSION = YES;
				CLANG_WARN_NON_LITERAL_NULL_CONVERSION = YES;
				CLANG_WARN_OBJC_IMPLICIT_RETAIN_SELF = YES;
				CLANG_WARN_OBJC_LITERAL_CONVERSION = YES;
				CLANG_WARN_OBJC_ROOT_CLASS = YES_ERROR;
				CLANG_WARN_QUOTED_INCLUDE_IN_FRAMEWORK_HEADER = YES;
				CLANG_WARN_RANGE_LOOP_ANALYSIS = YES;
				CLANG_WARN_STRICT_PROTOTYPES = YES;
				CLANG_WARN_SUSPICIOUS_MOVE = YES;
				CLANG_WARN_UNGUARDED_AVAILABILITY = YES_AGGRESSIVE;
				CLANG_WARN_UNREACHABLE_CODE = YES;
				CLANG_WARN__DUPLICATE_METHOD_MATCH = YES;
				COPY_PHASE_STRIP = NO;
				DEBUG_INFORMATION_FORMAT = "dwarf-with-dsym";
				ENABLE_NS_ASSERTIONS = NO;
				ENABLE_STRICT_OBJC_MSGSEND = YES;
				GCC_C_LANGUAGE_STANDARD = gnu11;
				GCC_NO_COMMON_BLOCKS = YES;
				GCC_WARN_64_TO_32_BIT_CONVERSION = YES;
				GCC_WARN_ABOUT_RETURN_TYPE = YES_ERROR;
				GCC_WARN_UNDECLARED_SELECTOR = YES;
				GCC_WARN_UNINITIALIZED_AUTOS = YES_AGGRESSIVE;
				GCC_WARN_UNUSED_FUNCTION = YES;
				GCC_WARN_UNUSED_VARIABLE = YES;
				IPHONEOS_DEPLOYMENT_TARGET = 14.4;
				MTL_ENABLE_DEBUG_INFO = NO;
				MTL_FAST_MATH = YES;
				SDKROOT = iphoneos;
				SWIFT_COMPILATION_MODE = wholemodule;
				SWIFT_OPTIMIZATION_LEVEL = "-O";
				VALIDATE_PRODUCT = YES;
			};
			name = Release;
		};
		821B95F12600F7EC0084F792 /* Debug */ = {
			isa = XCBuildConfiguration;
			buildSettings = {
				ASSETCATALOG_COMPILER_APPICON_NAME = AppIcon;
				ASSETCATALOG_COMPILER_GLOBAL_ACCENT_COLOR_NAME = AccentColor;
				CODE_SIGN_STYLE = Automatic;
				DEVELOPMENT_ASSET_PATHS = "\"BigEvent/Preview Content\"";
				DEVELOPMENT_TEAM = D8XZR7T9KQ;
				ENABLE_PREVIEWS = YES;
				INFOPLIST_FILE = BigEvent/Info.plist;
				IPHONEOS_DEPLOYMENT_TARGET = 14.0;
				LD_RUNPATH_SEARCH_PATHS = (
					"$(inherited)",
					"@executable_path/Frameworks",
				);
				PRODUCT_BUNDLE_IDENTIFIER = com.efrei.BigEvent;
				PRODUCT_NAME = "$(TARGET_NAME)";
				SWIFT_VERSION = 5.0;
				TARGETED_DEVICE_FAMILY = "1,2";
			};
			name = Debug;
		};
		821B95F22600F7EC0084F792 /* Release */ = {
			isa = XCBuildConfiguration;
			buildSettings = {
				ASSETCATALOG_COMPILER_APPICON_NAME = AppIcon;
				ASSETCATALOG_COMPILER_GLOBAL_ACCENT_COLOR_NAME = AccentColor;
				CODE_SIGN_STYLE = Automatic;
				DEVELOPMENT_ASSET_PATHS = "\"BigEvent/Preview Content\"";
				DEVELOPMENT_TEAM = D8XZR7T9KQ;
				ENABLE_PREVIEWS = YES;
				INFOPLIST_FILE = BigEvent/Info.plist;
				IPHONEOS_DEPLOYMENT_TARGET = 14.0;
				LD_RUNPATH_SEARCH_PATHS = (
					"$(inherited)",
					"@executable_path/Frameworks",
				);
				PRODUCT_BUNDLE_IDENTIFIER = com.efrei.BigEvent;
				PRODUCT_NAME = "$(TARGET_NAME)";
				SWIFT_VERSION = 5.0;
				TARGETED_DEVICE_FAMILY = "1,2";
			};
			name = Release;
		};
		821B95F42600F7EC0084F792 /* Debug */ = {
			isa = XCBuildConfiguration;
			buildSettings = {
				ALWAYS_EMBED_SWIFT_STANDARD_LIBRARIES = YES;
				BUNDLE_LOADER = "$(TEST_HOST)";
				CODE_SIGN_STYLE = Automatic;
				DEVELOPMENT_TEAM = D8XZR7T9KQ;
				INFOPLIST_FILE = BigEventTests/Info.plist;
				IPHONEOS_DEPLOYMENT_TARGET = 14.0;
				LD_RUNPATH_SEARCH_PATHS = (
					"$(inherited)",
					"@executable_path/Frameworks",
					"@loader_path/Frameworks",
				);
				PRODUCT_BUNDLE_IDENTIFIER = com.efrei.BigEventTests;
				PRODUCT_NAME = "$(TARGET_NAME)";
				SWIFT_VERSION = 5.0;
				TARGETED_DEVICE_FAMILY = "1,2";
				TEST_HOST = "$(BUILT_PRODUCTS_DIR)/BigEvent.app/BigEvent";
			};
			name = Debug;
		};
		821B95F52600F7EC0084F792 /* Release */ = {
			isa = XCBuildConfiguration;
			buildSettings = {
				ALWAYS_EMBED_SWIFT_STANDARD_LIBRARIES = YES;
				BUNDLE_LOADER = "$(TEST_HOST)";
				CODE_SIGN_STYLE = Automatic;
				DEVELOPMENT_TEAM = D8XZR7T9KQ;
				INFOPLIST_FILE = BigEventTests/Info.plist;
				IPHONEOS_DEPLOYMENT_TARGET = 14.0;
				LD_RUNPATH_SEARCH_PATHS = (
					"$(inherited)",
					"@executable_path/Frameworks",
					"@loader_path/Frameworks",
				);
				PRODUCT_BUNDLE_IDENTIFIER = com.efrei.BigEventTests;
				PRODUCT_NAME = "$(TARGET_NAME)";
				SWIFT_VERSION = 5.0;
				TARGETED_DEVICE_FAMILY = "1,2";
				TEST_HOST = "$(BUILT_PRODUCTS_DIR)/BigEvent.app/BigEvent";
			};
			name = Release;
		};
		821B95F72600F7EC0084F792 /* Debug */ = {
			isa = XCBuildConfiguration;
			buildSettings = {
				ALWAYS_EMBED_SWIFT_STANDARD_LIBRARIES = YES;
				CODE_SIGN_STYLE = Automatic;
				DEVELOPMENT_TEAM = D8XZR7T9KQ;
				INFOPLIST_FILE = BigEventUITests/Info.plist;
				LD_RUNPATH_SEARCH_PATHS = (
					"$(inherited)",
					"@executable_path/Frameworks",
					"@loader_path/Frameworks",
				);
				PRODUCT_BUNDLE_IDENTIFIER = com.efrei.BigEventUITests;
				PRODUCT_NAME = "$(TARGET_NAME)";
				SWIFT_VERSION = 5.0;
				TARGETED_DEVICE_FAMILY = "1,2";
				TEST_TARGET_NAME = BigEvent;
			};
			name = Debug;
		};
		821B95F82600F7EC0084F792 /* Release */ = {
			isa = XCBuildConfiguration;
			buildSettings = {
				ALWAYS_EMBED_SWIFT_STANDARD_LIBRARIES = YES;
				CODE_SIGN_STYLE = Automatic;
				DEVELOPMENT_TEAM = D8XZR7T9KQ;
				INFOPLIST_FILE = BigEventUITests/Info.plist;
				LD_RUNPATH_SEARCH_PATHS = (
					"$(inherited)",
					"@executable_path/Frameworks",
					"@loader_path/Frameworks",
				);
				PRODUCT_BUNDLE_IDENTIFIER = com.efrei.BigEventUITests;
				PRODUCT_NAME = "$(TARGET_NAME)";
				SWIFT_VERSION = 5.0;
				TARGETED_DEVICE_FAMILY = "1,2";
				TEST_TARGET_NAME = BigEvent;
			};
			name = Release;
		};
/* End XCBuildConfiguration section */

/* Begin XCConfigurationList section */
		821B95C62600F7EA0084F792 /* Build configuration list for PBXProject "BigEvent" */ = {
			isa = XCConfigurationList;
			buildConfigurations = (
				821B95EE2600F7EC0084F792 /* Debug */,
				821B95EF2600F7EC0084F792 /* Release */,
			);
			defaultConfigurationIsVisible = 0;
			defaultConfigurationName = Release;
		};
		821B95F02600F7EC0084F792 /* Build configuration list for PBXNativeTarget "BigEvent" */ = {
			isa = XCConfigurationList;
			buildConfigurations = (
				821B95F12600F7EC0084F792 /* Debug */,
				821B95F22600F7EC0084F792 /* Release */,
			);
			defaultConfigurationIsVisible = 0;
			defaultConfigurationName = Release;
		};
		821B95F32600F7EC0084F792 /* Build configuration list for PBXNativeTarget "BigEventTests" */ = {
			isa = XCConfigurationList;
			buildConfigurations = (
				821B95F42600F7EC0084F792 /* Debug */,
				821B95F52600F7EC0084F792 /* Release */,
			);
			defaultConfigurationIsVisible = 0;
			defaultConfigurationName = Release;
		};
		821B95F62600F7EC0084F792 /* Build configuration list for PBXNativeTarget "BigEventUITests" */ = {
			isa = XCConfigurationList;
			buildConfigurations = (
				821B95F72600F7EC0084F792 /* Debug */,
				821B95F82600F7EC0084F792 /* Release */,
			);
			defaultConfigurationIsVisible = 0;
			defaultConfigurationName = Release;
		};
/* End XCConfigurationList section */
	};
	rootObject = 821B95C32600F7EA0084F792 /* Project object */;
}
